
Microsoft Visual Studio Solution File, Format Version 12.00
# Visual Studio 15
VisualStudioVersion = 15.0.27130.2026
MinimumVisualStudioVersion = 10.0.40219.1
Project("{9A19103F-16F7-4668-BE54-9A1E7A4F7556}") = "DiplomaBack", "DiplomaBack\DiplomaBack.csproj", "{313565C5-BAE3-4BC7-A022-44C4DBD014C6}"
EndProject
Project("{9A19103F-16F7-4668-BE54-9A1E7A4F7556}") = "DiplomaBack.DAL", "DiplomaBack.DAL\DiplomaBack.DAL.csproj", "{BD45A1CF-75A4-46CA-8D6E-446458795C46}"
EndProject
Project("{FAE04EC0-301F-11D3-BF4B-00C04F79EFBC}") = "DiplomaBack.BLL", "DiplomaBack.BLL\DiplomaBack.BLL.csproj", "{2CD2880A-DFE4-4AB6-920F-2921637C05BA}"
EndProject
Global
	GlobalSection(SolutionConfigurationPlatforms) = preSolution
		Debug|Any CPU = Debug|Any CPU
		Release|Any CPU = Release|Any CPU
	EndGlobalSection
	GlobalSection(ProjectConfigurationPlatforms) = postSolution
		{313565C5-BAE3-4BC7-A022-44C4DBD014C6}.Debug|Any CPU.ActiveCfg = Debug|Any CPU
		{313565C5-BAE3-4BC7-A022-44C4DBD014C6}.Debug|Any CPU.Build.0 = Debug|Any CPU
		{313565C5-BAE3-4BC7-A022-44C4DBD014C6}.Release|Any CPU.ActiveCfg = Release|Any CPU
		{313565C5-BAE3-4BC7-A022-44C4DBD014C6}.Release|Any CPU.Build.0 = Release|Any CPU
		{BD45A1CF-75A4-46CA-8D6E-446458795C46}.Debug|Any CPU.ActiveCfg = Debug|Any CPU
		{BD45A1CF-75A4-46CA-8D6E-446458795C46}.Debug|Any CPU.Build.0 = Debug|Any CPU
		{BD45A1CF-75A4-46CA-8D6E-446458795C46}.Release|Any CPU.ActiveCfg = Release|Any CPU
		{BD45A1CF-75A4-46CA-8D6E-446458795C46}.Release|Any CPU.Build.0 = Release|Any CPU
		{2CD2880A-DFE4-4AB6-920F-2921637C05BA}.Debug|Any CPU.ActiveCfg = Debug|Any CPU
		{2CD2880A-DFE4-4AB6-920F-2921637C05BA}.Debug|Any CPU.Build.0 = Debug|Any CPU
		{2CD2880A-DFE4-4AB6-920F-2921637C05BA}.Release|Any CPU.ActiveCfg = Release|Any CPU
		{2CD2880A-DFE4-4AB6-920F-2921637C05BA}.Release|Any CPU.Build.0 = Release|Any CPU
	EndGlobalSection
	GlobalSection(SolutionProperties) = preSolution
		HideSolutionNode = FALSE
	EndGlobalSection
	GlobalSection(ExtensibilityGlobals) = postSolution
		SolutionGuid = {E4E9FA05-4A3F-43F5-8ABE-50FAA9E7E1B0}
	EndGlobalSection
EndGlobal
